
Microsoft Visual Studio Solution File, Format Version 12.00
# Visual Studio 14
VisualStudioVersion = 14.0.24720.0
MinimumVisualStudioVersion = 10.0.40219.1
Project("{2150E333-8FDC-42A3-9474-1A3956D46DE8}") = ".nuget", ".nuget", "{B03D1336-1DA2-4623-B408-85A89C840A77}"
EndProject
Project("{FAE04EC0-301F-11D3-BF4B-00C04F79EFBC}") = "CommonLibrariesForNETNonPortable", "CommonLibrariesForNETNonPortable\CommonLibrariesForNETNonPortable.csproj", "{32FC0CD4-5A96-46B8-9170-8A71F42D1B88}"
EndProject
Project("{FAE04EC0-301F-11D3-BF4B-00C04F79EFBC}") = "ForceToolkitForNETNonPortable", "ForceToolkitForNETNonPortable\ForceToolkitForNETNonPortable.csproj", "{FB5E4A2B-B609-4E40-9EC6-86F00D926E43}"
EndProject
Global
	GlobalSection(SolutionConfigurationPlatforms) = preSolution
		Debug|Any CPU = Debug|Any CPU
		Debug|ARM = Debug|ARM
		Debug|x64 = Debug|x64
		Debug|x86 = Debug|x86
		Release|Any CPU = Release|Any CPU
		Release|ARM = Release|ARM
		Release|x64 = Release|x64
		Release|x86 = Release|x86
	EndGlobalSection
	GlobalSection(ProjectConfigurationPlatforms) = postSolution
		{32FC0CD4-5A96-46B8-9170-8A71F42D1B88}.Debug|Any CPU.ActiveCfg = Debug|Any CPU
		{32FC0CD4-5A96-46B8-9170-8A71F42D1B88}.Debug|Any CPU.Build.0 = Debug|Any CPU
		{32FC0CD4-5A96-46B8-9170-8A71F42D1B88}.Debug|ARM.ActiveCfg = Debug|Any CPU
		{32FC0CD4-5A96-46B8-9170-8A71F42D1B88}.Debug|ARM.Build.0 = Debug|Any CPU
		{32FC0CD4-5A96-46B8-9170-8A71F42D1B88}.Debug|x64.ActiveCfg = Debug|Any CPU
		{32FC0CD4-5A96-46B8-9170-8A71F42D1B88}.Debug|x64.Build.0 = Debug|Any CPU
		{32FC0CD4-5A96-46B8-9170-8A71F42D1B88}.Debug|x86.ActiveCfg = Debug|Any CPU
		{32FC0CD4-5A96-46B8-9170-8A71F42D1B88}.Debug|x86.Build.0 = Debug|Any CPU
		{32FC0CD4-5A96-46B8-9170-8A71F42D1B88}.Release|Any CPU.ActiveCfg = Release|Any CPU
		{32FC0CD4-5A96-46B8-9170-8A71F42D1B88}.Release|Any CPU.Build.0 = Release|Any CPU
		{32FC0CD4-5A96-46B8-9170-8A71F42D1B88}.Release|ARM.ActiveCfg = Release|Any CPU
		{32FC0CD4-5A96-46B8-9170-8A71F42D1B88}.Release|ARM.Build.0 = Release|Any CPU
		{32FC0CD4-5A96-46B8-9170-8A71F42D1B88}.Release|x64.ActiveCfg = Release|Any CPU
		{32FC0CD4-5A96-46B8-9170-8A71F42D1B88}.Release|x64.Build.0 = Release|Any CPU
		{32FC0CD4-5A96-46B8-9170-8A71F42D1B88}.Release|x86.ActiveCfg = Release|Any CPU
		{32FC0CD4-5A96-46B8-9170-8A71F42D1B88}.Release|x86.Build.0 = Release|Any CPU
		{FB5E4A2B-B609-4E40-9EC6-86F00D926E43}.Debug|Any CPU.ActiveCfg = Debug|Any CPU
		{FB5E4A2B-B609-4E40-9EC6-86F00D926E43}.Debug|Any CPU.Build.0 = Debug|Any CPU
		{FB5E4A2B-B609-4E40-9EC6-86F00D926E43}.Debug|ARM.ActiveCfg = Debug|Any CPU
		{FB5E4A2B-B609-4E40-9EC6-86F00D926E43}.Debug|ARM.Build.0 = Debug|Any CPU
		{FB5E4A2B-B609-4E40-9EC6-86F00D926E43}.Debug|x64.ActiveCfg = Debug|Any CPU
		{FB5E4A2B-B609-4E40-9EC6-86F00D926E43}.Debug|x64.Build.0 = Debug|Any CPU
		{FB5E4A2B-B609-4E40-9EC6-86F00D926E43}.Debug|x86.ActiveCfg = Debug|Any CPU
		{FB5E4A2B-B609-4E40-9EC6-86F00D926E43}.Debug|x86.Build.0 = Debug|Any CPU
		{FB5E4A2B-B609-4E40-9EC6-86F00D926E43}.Release|Any CPU.ActiveCfg = Release|Any CPU
		{FB5E4A2B-B609-4E40-9EC6-86F00D926E43}.Release|Any CPU.Build.0 = Release|Any CPU
		{FB5E4A2B-B609-4E40-9EC6-86F00D926E43}.Release|ARM.ActiveCfg = Release|Any CPU
		{FB5E4A2B-B609-4E40-9EC6-86F00D926E43}.Release|ARM.Build.0 = Release|Any CPU
		{FB5E4A2B-B609-4E40-9EC6-86F00D926E43}.Release|x64.ActiveCfg = Release|Any CPU
		{FB5E4A2B-B609-4E40-9EC6-86F00D926E43}.Release|x64.Build.0 = Release|Any CPU
		{FB5E4A2B-B609-4E40-9EC6-86F00D926E43}.Release|x86.ActiveCfg = Release|Any CPU
		{FB5E4A2B-B609-4E40-9EC6-86F00D926E43}.Release|x86.Build.0 = Release|Any CPU
	EndGlobalSection
	GlobalSection(SolutionProperties) = preSolution
		HideSolutionNode = FALSE
	EndGlobalSection
EndGlobal
